// !$*UTF8*$!
{
	archiveVersion = 1;
	classes = {
	};
	objectVersion = 50;
	objects = {

/* Begin PBXBuildFile section */
		D50C4282251DE859004109E5 /* AppDelegate.m in Sources */ = {isa = PBXBuildFile; fileRef = D50C4281251DE859004109E5 /* AppDelegate.m */; };
		D50C4285251DE859004109E5 /* SceneDelegate.m in Sources */ = {isa = PBXBuildFile; fileRef = D50C4284251DE859004109E5 /* SceneDelegate.m */; };
		D50C4288251DE859004109E5 /* ViewController.m in Sources */ = {isa = PBXBuildFile; fileRef = D50C4287251DE859004109E5 /* ViewController.m */; };
		D50C428B251DE859004109E5 /* Main.storyboard in Resources */ = {isa = PBXBuildFile; fileRef = D50C4289251DE859004109E5 /* Main.storyboard */; };
		D50C428D251DE85A004109E5 /* Assets.xcassets in Resources */ = {isa = PBXBuildFile; fileRef = D50C428C251DE85A004109E5 /* Assets.xcassets */; };
		D50C4290251DE85A004109E5 /* LaunchScreen.storyboard in Resources */ = {isa = PBXBuildFile; fileRef = D50C428E251DE85A004109E5 /* LaunchScreen.storyboard */; };
		D50C4293251DE85A004109E5 /* main.m in Sources */ = {isa = PBXBuildFile; fileRef = D50C4292251DE85A004109E5 /* main.m */; };
/* End PBXBuildFile section */

/* Begin PBXFileReference section */
		D50C427D251DE859004109E5 /* FLSDemo.app */ = {isa = PBXFileReference; explicitFileType = wrapper.application; includeInIndex = 0; path = FLSDemo.app; sourceTree = BUILT_PRODUCTS_DIR; };
		D50C4280251DE859004109E5 /* AppDelegate.h */ = {isa = PBXFileReference; lastKnownFileType = sourcecode.c.h; path = AppDelegate.h; sourceTree = "<group>"; };
		D50C4281251DE859004109E5 /* AppDelegate.m */ = {isa = PBXFileReference; lastKnownFileType = sourcecode.c.objc; path = AppDelegate.m; sourceTree = "<group>"; };
		D50C4283251DE859004109E5 /* SceneDelegate.h */ = {isa = PBXFileReference; lastKnownFileType = sourcecode.c.h; path = SceneDelegate.h; sourceTree = "<group>"; };
		D50C4284251DE859004109E5 /* SceneDelegate.m */ = {isa = PBXFileReference; lastKnownFileType = sourcecode.c.objc; path = SceneDelegate.m; sourceTree = "<group>"; };
		D50C4286251DE859004109E5 /* ViewController.h */ = {isa = PBXFileReference; lastKnownFileType = sourcecode.c.h; path = ViewController.h; sourceTree = "<group>"; };
		D50C4287251DE859004109E5 /* ViewController.m */ = {isa = PBXFileReference; lastKnownFileType = sourcecode.c.objc; path = ViewController.m; sourceTree = "<group>"; };
		D50C428A251DE859004109E5 /* Base */ = {isa = PBXFileReference; lastKnownFileType = file.storyboard; name = Base; path = Base.lproj/Main.storyboard; sourceTree = "<group>"; };
		D50C428C251DE85A004109E5 /* Assets.xcassets */ = {isa = PBXFileReference; lastKnownFileType = folder.assetcatalog; path = Assets.xcassets; sourceTree = "<group>"; };
		D50C428F251DE85A004109E5 /* Base */ = {isa = PBXFileReference; lastKnownFileType = file.storyboard; name = Base; path = Base.lproj/LaunchScreen.storyboard; sourceTree = "<group>"; };
		D50C4291251DE85A004109E5 /* Info.plist */ = {isa = PBXFileReference; lastKnownFileType = text.plist.xml; path = Info.plist; sourceTree = "<group>"; };
		D50C4292251DE85A004109E5 /* main.m */ = {isa = PBXFileReference; lastKnownFileType = sourcecode.c.objc; path = main.m; sourceTree = "<group>"; };
/* End PBXFileReference section */

/* Begin PBXFrameworksBuildPhase section */
		D50C427A251DE859004109E5 /* Frameworks */ = {
			isa = PBXFrameworksBuildPhase;
			buildActionMask = 2147483647;
			files = (
			);
			runOnlyForDeploymentPostprocessing = 0;
		};
/* End PBXFrameworksBuildPhase section */

/* Begin PBXGroup section */
		D50C4274251DE859004109E5 = {
			isa = PBXGroup;
			children = (
				D50C427F251DE859004109E5 /* FLSDemo */,
				D50C427E251DE859004109E5 /* Products */,
			);
			sourceTree = "<group>";
		};
		D50C427E251DE859004109E5 /* Products */ = {
			isa = PBXGroup;
			children = (
				D50C427D251DE859004109E5 /* FLSDemo.app */,
			);
			name = Products;
			sourceTree = "<group>";
		};
		D50C427F251DE859004109E5 /* FLSDemo */ = {
			isa = PBXGroup;
			children = (
				D50C4280251DE859004109E5 /* AppDelegate.h */,
				D50C4281251DE859004109E5 /* AppDelegate.m */,
				D50C4283251DE859004109E5 /* SceneDelegate.h */,
				D50C4284251DE859004109E5 /* SceneDelegate.m */,
				D50C4286251DE859004109E5 /* ViewController.h */,
				D50C4287251DE859004109E5 /* ViewController.m */,
				D50C4289251DE859004109E5 /* Main.storyboard */,
				D50C428C251DE85A004109E5 /* Assets.xcassets */,
				D50C428E251DE85A004109E5 /* LaunchScreen.storyboard */,
				D50C4291251DE85A004109E5 /* Info.plist */,
				D50C4292251DE85A004109E5 /* main.m */,
			);
			path = FLSDemo;
			sourceTree = "<group>";
		};
/* End PBXGroup section */

/* Begin PBXNativeTarget section */
		D50C427C251DE859004109E5 /* FLSDemo */ = {
			isa = PBXNativeTarget;
			buildConfigurationList = D50C4296251DE85A004109E5 /* Build configuration list for PBXNativeTarget "FLSDemo" */;
			buildPhases = (
				D50C4279251DE859004109E5 /* Sources */,
				D50C427A251DE859004109E5 /* Frameworks */,
				D50C427B251DE859004109E5 /* Resources */,
			);
			buildRules = (
			);
			dependencies = (
			);
			name = FLSDemo;
			productName = FLSDemo;
			productReference = D50C427D251DE859004109E5 /* FLSDemo.app */;
			productType = "com.apple.product-type.application";
		};
/* End PBXNativeTarget section */

/* Begin PBXProject section */
		D50C4275251DE859004109E5 /* Project object */ = {
			isa = PBXProject;
			attributes = {
				LastUpgradeCheck = 1200;
				TargetAttributes = {
					D50C427C251DE859004109E5 = {
						CreatedOnToolsVersion = 12.0;
					};
				};
			};
			buildConfigurationList = D50C4278251DE859004109E5 /* Build configuration list for PBXProject "FLSDemo" */;
			compatibilityVersion = "Xcode 9.3";
			developmentRegion = en;
			hasScannedForEncodings = 0;
			knownRegions = (
				en,
				Base,
			);
			mainGroup = D50C4274251DE859004109E5;
			productRefGroup = D50C427E251DE859004109E5 /* Products */;
			projectDirPath = "";
			projectRoot = "";
			targets = (
				D50C427C251DE859004109E5 /* FLSDemo */,
			);
		};
/* End PBXProject section */

/* Begin PBXResourcesBuildPhase section */
		D50C427B251DE859004109E5 /* Resources */ = {
			isa = PBXResourcesBuildPhase;
			buildActionMask = 2147483647;
			files = (
				D50C4290251DE85A004109E5 /* LaunchScreen.storyboard in Resources */,
				D50C428D251DE85A004109E5 /* Assets.xcassets in Resources */,
				D50C428B251DE859004109E5 /* Main.storyboard in Resources */,
			);
			runOnlyForDeploymentPostprocessing = 0;
		};
/* End PBXResourcesBuildPhase section */

/* Begin PBXSourcesBuildPhase section */
		D50C4279251DE859004109E5 /* Sources */ = {
			isa = PBXSourcesBuildPhase;
			buildActionMask = 2147483647;
			files = (
				D50C4288251DE859004109E5 /* ViewController.m in Sources */,
				D50C4282251DE859004109E5 /* AppDelegate.m in Sources */,
				D50C4293251DE85A004109E5 /* main.m in Sources */,
				D50C4285251DE859004109E5 /* SceneDelegate.m in Sources */,
			);
			runOnlyForDeploymentPostprocessing = 0;
		};
/* End PBXSourcesBuildPhase section */

/* Begin PBXVariantGroup section */
		D50C4289251DE859004109E5 /* Main.storyboard */ = {
			isa = PBXVariantGroup;
			children = (
				D50C428A251DE859004109E5 /* Base */,
			);
			name = Main.storyboard;
			sourceTree = "<group>";
		};
		D50C428E251DE85A004109E5 /* LaunchScreen.storyboard */ = {
			isa = PBXVariantGroup;
			children = (
				D50C428F251DE85A004109E5 /* Base */,
			);
			name = LaunchScreen.storyboard;
			sourceTree = "<group>";
		};
/* End PBXVariantGroup section */

/* Begin XCBuildConfiguration section */
		D50C4294251DE85A004109E5 /* Debug */ = {
			isa = XCBuildConfiguration;
			buildSettings = {
				ALWAYS_SEARCH_USER_PATHS = NO;
				CLANG_ANALYZER_NONNULL = YES;
				CLANG_ANALYZER_NUMBER_OBJECT_CONVERSION = YES_AGGRESSIVE;
				CLANG_CXX_LANGUAGE_STANDARD = "gnu++14";
				CLANG_CXX_LIBRARY = "libc++";
				CLANG_ENABLE_MODULES = YES;
				CLANG_ENABLE_OBJC_ARC = YES;
				CLANG_ENABLE_OBJC_WEAK = YES;
				CLANG_WARN_BLOCK_CAPTURE_AUTORELEASING = YES;
				CLANG_WARN_BOOL_CONVERSION = YES;
				CLANG_WARN_COMMA = YES;
				CLANG_WARN_CONSTANT_CONVERSION = YES;
				CLANG_WARN_DEPRECATED_OBJC_IMPLEMENTATIONS = YES;
				CLANG_WARN_DIRECT_OBJC_ISA_USAGE = YES_ERROR;
				CLANG_WARN_DOCUMENTATION_COMMENTS = YES;
				CLANG_WARN_EMPTY_BODY = YES;
				CLANG_WARN_ENUM_CONVERSION = YES;
				CLANG_WARN_INFINITE_RECURSION = YES;
				CLANG_WARN_INT_CONVERSION = YES;
				CLANG_WARN_NON_LITERAL_NULL_CONVERSION = YES;
				CLANG_WARN_OBJC_IMPLICIT_RETAIN_SELF = YES;
				CLANG_WARN_OBJC_LITERAL_CONVERSION = YES;
				CLANG_WARN_OBJC_ROOT_CLASS = YES_ERROR;
				CLANG_WARN_QUOTED_INCLUDE_IN_FRAMEWORK_HEADER = YES;
				CLANG_WARN_RANGE_LOOP_ANALYSIS = YES;
				CLANG_WARN_STRICT_PROTOTYPES = YES;
				CLANG_WARN_SUSPICIOUS_MOVE = YES;
				CLANG_WARN_UNGUARDED_AVAILABILITY = YES_AGGRESSIVE;
				CLANG_WARN_UNREACHABLE_CODE = YES;
				CLANG_WARN__DUPLICATE_METHOD_MATCH = YES;
				COPY_PHASE_STRIP = NO;
				DEBUG_INFORMATION_FORMAT = dwarf;
				ENABLE_STRICT_OBJC_MSGSEND = YES;
				ENABLE_TESTABILITY = YES;
				GCC_C_LANGUAGE_STANDARD = gnu11;
				GCC_DYNAMIC_NO_PIC = NO;
				GCC_NO_COMMON_BLOCKS = YES;
				GCC_OPTIMIZATION_LEVEL = 0;
				GCC_PREPROCESSOR_DEFINITIONS = (
					"DEBUG=1",
					"$(inherited)",
				);
				GCC_WARN_64_TO_32_BIT_CONVERSION = YES;
				GCC_WARN_ABOUT_RETURN_TYPE = YES_ERROR;
				GCC_WARN_UNDECLARED_SELECTOR = YES;
				GCC_WARN_UNINITIALIZED_AUTOS = YES_AGGRESSIVE;
				GCC_WARN_UNUSED_FUNCTION = YES;
				GCC_WARN_UNUSED_VARIABLE = YES;
				IPHONEOS_DEPLOYMENT_TARGET = 14.0;
				MTL_ENABLE_DEBUG_INFO = INCLUDE_SOURCE;
				MTL_FAST_MATH = YES;
				ONLY_ACTIVE_ARCH = YES;
				SDKROOT = iphoneos;
			};
			name = Debug;
		};
		D50C4295251DE85A004109E5 /* Release */ = {
			isa = XCBuildConfiguration;
			buildSettings = {
				ALWAYS_SEARCH_USER_PATHS = NO;
				CLANG_ANALYZER_NONNULL = YES;
				CLANG_ANALYZER_NUMBER_OBJECT_CONVERSION = YES_AGGRESSIVE;
				CLANG_CXX_LANGUAGE_STANDARD = "gnu++14";
				CLANG_CXX_LIBRARY = "libc++";
				CLANG_ENABLE_MODULES = YES;
				CLANG_ENABLE_OBJC_ARC = YES;
				CLANG_ENABLE_OBJC_WEAK = YES;
				CLANG_WARN_BLOCK_CAPTURE_AUTORELEASING = YES;
				CLANG_WARN_BOOL_CONVERSION = YES;
				CLANG_WARN_COMMA = YES;
				CLANG_WARN_CONSTANT_CONVERSION = YES;
				CLANG_WARN_DEPRECATED_OBJC_IMPLEMENTATIONS = YES;
				CLANG_WARN_DIRECT_OBJC_ISA_USAGE = YES_ERROR;
				CLANG_WARN_DOCUMENTATION_COMMENTS = YES;
				CLANG_WARN_EMPTY_BODY = YES;
				CLANG_WARN_ENUM_CONVERSION = YES;
				CLANG_WARN_INFINITE_RECURSION = YES;
				CLANG_WARN_INT_CONVERSION = YES;
				CLANG_WARN_NON_LITERAL_NULL_CONVERSION = YES;
				CLANG_WARN_OBJC_IMPLICIT_RETAIN_SELF = YES;
				CLANG_WARN_OBJC_LITERAL_CONVERSION = YES;
				CLANG_WARN_OBJC_ROOT_CLASS = YES_ERROR;
				CLANG_WARN_QUOTED_INCLUDE_IN_FRAMEWORK_HEADER = YES;
				CLANG_WARN_RANGE_LOOP_ANALYSIS = YES;
				CLANG_WARN_STRICT_PROTOTYPES = YES;
				CLANG_WARN_SUSPICIOUS_MOVE = YES;
				CLANG_WARN_UNGUARDED_AVAILABILITY = YES_AGGRESSIVE;
				CLANG_WARN_UNREACHABLE_CODE = YES;
				CLANG_WARN__DUPLICATE_METHOD_MATCH = YES;
				COPY_PHASE_STRIP = NO;
				DEBUG_INFORMATION_FORMAT = "dwarf-with-dsym";
				ENABLE_NS_ASSERTIONS = NO;
				ENABLE_STRICT_OBJC_MSGSEND = YES;
				GCC_C_LANGUAGE_STANDARD = gnu11;
				GCC_NO_COMMON_BLOCKS = YES;
				GCC_WARN_64_TO_32_BIT_CONVERSION = YES;
				GCC_WARN_ABOUT_RETURN_TYPE = YES_ERROR;
				GCC_WARN_UNDECLARED_SELECTOR = YES;
				GCC_WARN_UNINITIALIZED_AUTOS = YES_AGGRESSIVE;
				GCC_WARN_UNUSED_FUNCTION = YES;
				GCC_WARN_UNUSED_VARIABLE = YES;
				IPHONEOS_DEPLOYMENT_TARGET = 14.0;
				MTL_ENABLE_DEBUG_INFO = NO;
				MTL_FAST_MATH = YES;
				SDKROOT = iphoneos;
				VALIDATE_PRODUCT = YES;
			};
			name = Release;
		};
		D50C4297251DE85A004109E5 /* Debug */ = {
			isa = XCBuildConfiguration;
			buildSettings = {
				ASSETCATALOG_COMPILER_APPICON_NAME = AppIcon;
				ASSETCATALOG_COMPILER_GLOBAL_ACCENT_COLOR_NAME = AccentColor;
				CODE_SIGN_STYLE = Automatic;
				DEVELOPMENT_TEAM = WG4UZ46XXC;
				INFOPLIST_FILE = FLSDemo/Info.plist;
				LD_RUNPATH_SEARCH_PATHS = (
					"$(inherited)",
					"@executable_path/Frameworks",
				);
				PRODUCT_BUNDLE_IDENTIFIER = yintech.com.FLSDemo;
				PRODUCT_NAME = "$(TARGET_NAME)";
				TARGETED_DEVICE_FAMILY = "1,2";
			};
			name = Debug;
		};
		D50C4298251DE85A004109E5 /* Release */ = {
			isa = XCBuildConfiguration;
			buildSettings = {
				ASSETCATALOG_COMPILER_APPICON_NAME = AppIcon;
				ASSETCATALOG_COMPILER_GLOBAL_ACCENT_COLOR_NAME = AccentColor;
				CODE_SIGN_STYLE = Automatic;
				DEVELOPMENT_TEAM = WG4UZ46XXC;
				INFOPLIST_FILE = FLSDemo/Info.plist;
				LD_RUNPATH_SEARCH_PATHS = (
					"$(inherited)",
					"@executable_path/Frameworks",
				);
				PRODUCT_BUNDLE_IDENTIFIER = yintech.com.FLSDemo;
				PRODUCT_NAME = "$(TARGET_NAME)";
				TARGETED_DEVICE_FAMILY = "1,2";
			};
			name = Release;
		};
/* End XCBuildConfiguration section */

/* Begin XCConfigurationList section */
		D50C4278251DE859004109E5 /* Build configuration list for PBXProject "FLSDemo" */ = {
			isa = XCConfigurationList;
			buildConfigurations = (
				D50C4294251DE85A004109E5 /* Debug */,
				D50C4295251DE85A004109E5 /* Release */,
			);
			defaultConfigurationIsVisible = 0;
			defaultConfigurationName = Release;
		};
		D50C4296251DE85A004109E5 /* Build configuration list for PBXNativeTarget "FLSDemo" */ = {
			isa = XCConfigurationList;
			buildConfigurations = (
				D50C4297251DE85A004109E5 /* Debug */,
				D50C4298251DE85A004109E5 /* Release */,
			);
			defaultConfigurationIsVisible = 0;
			defaultConfigurationName = Release;
		};
/* End XCConfigurationList section */
	};
	rootObject = D50C4275251DE859004109E5 /* Project object */;
}
